
Microsoft Visual Studio Solution File, Format Version 12.00
# Visual Studio Version 17
VisualStudioVersion = 17.2.32630.192
MinimumVisualStudioVersion = 10.0.40219.1
Project("{9A19103F-16F7-4668-BE54-9A1E7A4F7556}") = "EmployeeManagement", "EmployeeManagement\EmployeeManagement.csproj", "{D79F5234-5F8A-4F4E-B946-15066EA6CFB6}"
EndProject
Project("{FAE04EC0-301F-11D3-BF4B-00C04F79EFBC}") = "PracticeApp", "PracticeApp\PracticeApp.csproj", "{FBAAF7EF-0144-4750-8944-3B31413F642C}"
EndProject
Global
	GlobalSection(SolutionConfigurationPlatforms) = preSolution
		Debug|Any CPU = Debug|Any CPU
		Release|Any CPU = Release|Any CPU
	EndGlobalSection
	GlobalSection(ProjectConfigurationPlatforms) = postSolution
		{D79F5234-5F8A-4F4E-B946-15066EA6CFB6}.Debug|Any CPU.ActiveCfg = Debug|Any CPU
		{D79F5234-5F8A-4F4E-B946-15066EA6CFB6}.Debug|Any CPU.Build.0 = Debug|Any CPU
		{D79F5234-5F8A-4F4E-B946-15066EA6CFB6}.Release|Any CPU.ActiveCfg = Release|Any CPU
		{D79F5234-5F8A-4F4E-B946-15066EA6CFB6}.Release|Any CPU.Build.0 = Release|Any CPU
		{FBAAF7EF-0144-4750-8944-3B31413F642C}.Debug|Any CPU.ActiveCfg = Debug|Any CPU
		{FBAAF7EF-0144-4750-8944-3B31413F642C}.Debug|Any CPU.Build.0 = Debug|Any CPU
		{FBAAF7EF-0144-4750-8944-3B31413F642C}.Release|Any CPU.ActiveCfg = Release|Any CPU
		{FBAAF7EF-0144-4750-8944-3B31413F642C}.Release|Any CPU.Build.0 = Release|Any CPU
	EndGlobalSection
	GlobalSection(SolutionProperties) = preSolution
		HideSolutionNode = FALSE
	EndGlobalSection
	GlobalSection(ExtensibilityGlobals) = postSolution
		SolutionGuid = {55E32093-E162-4B44-952B-E38130ACAA07}
	EndGlobalSection
EndGlobal
