
Microsoft Visual Studio Solution File, Format Version 12.00
# Visual Studio Version 17
VisualStudioVersion = 17.3.32804.467
MinimumVisualStudioVersion = 10.0.40219.1
Project("{FAE04EC0-301F-11D3-BF4B-00C04F79EFBC}") = "Painter", "Painter\Painter.csproj", "{F58D3900-0E30-4044-BCBA-F10ABD84E567}"
EndProject
Global
	GlobalSection(SolutionConfigurationPlatforms) = preSolution
		Debug|Any CPU = Debug|Any CPU
		Release|Any CPU = Release|Any CPU
	EndGlobalSection
	GlobalSection(ProjectConfigurationPlatforms) = postSolution
		{F58D3900-0E30-4044-BCBA-F10ABD84E567}.Debug|Any CPU.ActiveCfg = Debug|Any CPU
		{F58D3900-0E30-4044-BCBA-F10ABD84E567}.Debug|Any CPU.Build.0 = Debug|Any CPU
		{F58D3900-0E30-4044-BCBA-F10ABD84E567}.Release|Any CPU.ActiveCfg = Release|Any CPU
		{F58D3900-0E30-4044-BCBA-F10ABD84E567}.Release|Any CPU.Build.0 = Release|Any CPU
	EndGlobalSection
	GlobalSection(SolutionProperties) = preSolution
		HideSolutionNode = FALSE
	EndGlobalSection
	GlobalSection(ExtensibilityGlobals) = postSolution
		SolutionGuid = {ACBD5DA4-43B2-4BD7-8191-82E02F8FDB44}
	EndGlobalSection
EndGlobal
