
Microsoft Visual Studio Solution File, Format Version 12.00
# Visual Studio Version 16
VisualStudioVersion = 16.0.30011.22
MinimumVisualStudioVersion = 10.0.40219.1
Project("{FAE04EC0-301F-11D3-BF4B-00C04F79EFBC}") = "WGU_C971.Android", "WGU_C971\WGU_C971.Android\WGU_C971.Android.csproj", "{1A98ED39-6E28-41FC-9B64-D6BFC8DFE45A}"
EndProject
Project("{FAE04EC0-301F-11D3-BF4B-00C04F79EFBC}") = "WGU_C971", "WGU_C971\WGU_C971\WGU_C971.csproj", "{1D93E15E-8715-40EF-8C5F-B0387B9EC334}"
EndProject
Global
	GlobalSection(SolutionConfigurationPlatforms) = preSolution
		Debug|Any CPU = Debug|Any CPU
		Release|Any CPU = Release|Any CPU
	EndGlobalSection
	GlobalSection(ProjectConfigurationPlatforms) = postSolution
		{1A98ED39-6E28-41FC-9B64-D6BFC8DFE45A}.Debug|Any CPU.ActiveCfg = Debug|Any CPU
		{1A98ED39-6E28-41FC-9B64-D6BFC8DFE45A}.Debug|Any CPU.Build.0 = Debug|Any CPU
		{1A98ED39-6E28-41FC-9B64-D6BFC8DFE45A}.Debug|Any CPU.Deploy.0 = Debug|Any CPU
		{1A98ED39-6E28-41FC-9B64-D6BFC8DFE45A}.Release|Any CPU.ActiveCfg = Release|Any CPU
		{1A98ED39-6E28-41FC-9B64-D6BFC8DFE45A}.Release|Any CPU.Build.0 = Release|Any CPU
		{1A98ED39-6E28-41FC-9B64-D6BFC8DFE45A}.Release|Any CPU.Deploy.0 = Release|Any CPU
		{1D93E15E-8715-40EF-8C5F-B0387B9EC334}.Debug|Any CPU.ActiveCfg = Debug|Any CPU
		{1D93E15E-8715-40EF-8C5F-B0387B9EC334}.Debug|Any CPU.Build.0 = Debug|Any CPU
		{1D93E15E-8715-40EF-8C5F-B0387B9EC334}.Debug|Any CPU.Deploy.0 = Debug|Any CPU
		{1D93E15E-8715-40EF-8C5F-B0387B9EC334}.Release|Any CPU.ActiveCfg = Release|Any CPU
		{1D93E15E-8715-40EF-8C5F-B0387B9EC334}.Release|Any CPU.Build.0 = Release|Any CPU
		{1D93E15E-8715-40EF-8C5F-B0387B9EC334}.Release|Any CPU.Deploy.0 = Release|Any CPU
	EndGlobalSection
	GlobalSection(SolutionProperties) = preSolution
		HideSolutionNode = FALSE
	EndGlobalSection
	GlobalSection(ExtensibilityGlobals) = postSolution
		SolutionGuid = {DEB7A6D3-66EE-433A-926B-2680BFAF0C15}
	EndGlobalSection
EndGlobal
