
Microsoft Visual Studio Solution File, Format Version 12.00
# Visual Studio Version 18
VisualStudioVersion = 18.2.11415.280
MinimumVisualStudioVersion = 10.0.40219.1
Project("{9A19103F-16F7-4668-BE54-9A1E7A4F7556}") = "_052_AnonymousMethods", "_052_AnonymousMethods\_052_AnonymousMethods.csproj", "{54F38C0F-AADD-4FAD-BB6C-6AB23A0332EA}"
EndProject
Project("{9A19103F-16F7-4668-BE54-9A1E7A4F7556}") = "_051_DatabaseFirstEFCore", "_051_DatabaseFirstEFCore\_051_DatabaseFirstEFCore.csproj", "{1549E1FD-E5D7-4398-909F-96F0028ED695}"
EndProject
Project("{9A19103F-16F7-4668-BE54-9A1E7A4F7556}") = "_015_Methods_Static", "_015_Methods_Static\_015_Methods_Static.csproj", "{23B29EB9-6CCD-4B3D-B6D7-20FAB14E495F}"
EndProject
Project("{9A19103F-16F7-4668-BE54-9A1E7A4F7556}") = "Dice", "Dice\Dice.csproj", "{68CD1A2C-3715-47F2-8AD3-9078B0FADFDD}"
EndProject
Project("{9A19103F-16F7-4668-BE54-9A1E7A4F7556}") = "TicTacToe", "TicTacToe\TicTacToe.csproj", "{B43F6652-5B83-4AF9-A139-875AC312EA31}"
EndProject
Project("{9A19103F-16F7-4668-BE54-9A1E7A4F7556}") = "StudentRoster", "StudentRoster\StudentRoster.csproj", "{7C9D765D-C378-4E74-A2CB-B78F67EC5CE8}"
EndProject
Project("{9A19103F-16F7-4668-BE54-9A1E7A4F7556}") = "BooleanDataType", "BooleanDataType\BooleanDataType.csproj", "{5A3244E2-0854-44EC-9EE0-766A34B38D54}"
EndProject
Project("{9A19103F-16F7-4668-BE54-9A1E7A4F7556}") = "CharacterDataType", "CharacterDataType\CharacterDataType.csproj", "{80560726-C2A8-4B64-841B-9E9B8E88F2CD}"
EndProject
Project("{9A19103F-16F7-4668-BE54-9A1E7A4F7556}") = "StringBuilderApp", "StringBuilderApp\StringBuilderApp.csproj", "{5C3304AF-75BA-40D8-9622-5CED54ED58B1}"
EndProject
Project("{9A19103F-16F7-4668-BE54-9A1E7A4F7556}") = "Print", "Print\Print.csproj", "{A28BE12F-8EFD-4F63-A46C-57D3EC565827}"
EndProject
Project("{9A19103F-16F7-4668-BE54-9A1E7A4F7556}") = "IntegerDataType", "IntegerDataType\IntegerDataType.csproj", "{85BDFE2B-6269-45FD-A6E6-431AD7C4BC2E}"
EndProject
Project("{FAE04EC0-301F-11D3-BF4B-00C04F79EFBC}") = "StringDataType", "StringDataType\StringDataType.csproj", "{D4554890-E1FB-5422-9D6E-EAB173052433}"
EndProject
Global
	GlobalSection(SolutionConfigurationPlatforms) = preSolution
		Debug|Any CPU = Debug|Any CPU
		Release|Any CPU = Release|Any CPU
	EndGlobalSection
	GlobalSection(ProjectConfigurationPlatforms) = postSolution
		{54F38C0F-AADD-4FAD-BB6C-6AB23A0332EA}.Debug|Any CPU.ActiveCfg = Debug|Any CPU
		{54F38C0F-AADD-4FAD-BB6C-6AB23A0332EA}.Debug|Any CPU.Build.0 = Debug|Any CPU
		{54F38C0F-AADD-4FAD-BB6C-6AB23A0332EA}.Release|Any CPU.ActiveCfg = Release|Any CPU
		{54F38C0F-AADD-4FAD-BB6C-6AB23A0332EA}.Release|Any CPU.Build.0 = Release|Any CPU
		{1549E1FD-E5D7-4398-909F-96F0028ED695}.Debug|Any CPU.ActiveCfg = Debug|Any CPU
		{1549E1FD-E5D7-4398-909F-96F0028ED695}.Debug|Any CPU.Build.0 = Debug|Any CPU
		{1549E1FD-E5D7-4398-909F-96F0028ED695}.Release|Any CPU.ActiveCfg = Release|Any CPU
		{1549E1FD-E5D7-4398-909F-96F0028ED695}.Release|Any CPU.Build.0 = Release|Any CPU
		{23B29EB9-6CCD-4B3D-B6D7-20FAB14E495F}.Debug|Any CPU.ActiveCfg = Debug|Any CPU
		{23B29EB9-6CCD-4B3D-B6D7-20FAB14E495F}.Debug|Any CPU.Build.0 = Debug|Any CPU
		{23B29EB9-6CCD-4B3D-B6D7-20FAB14E495F}.Release|Any CPU.ActiveCfg = Release|Any CPU
		{23B29EB9-6CCD-4B3D-B6D7-20FAB14E495F}.Release|Any CPU.Build.0 = Release|Any CPU
		{68CD1A2C-3715-47F2-8AD3-9078B0FADFDD}.Debug|Any CPU.ActiveCfg = Debug|Any CPU
		{68CD1A2C-3715-47F2-8AD3-9078B0FADFDD}.Debug|Any CPU.Build.0 = Debug|Any CPU
		{68CD1A2C-3715-47F2-8AD3-9078B0FADFDD}.Release|Any CPU.ActiveCfg = Release|Any CPU
		{68CD1A2C-3715-47F2-8AD3-9078B0FADFDD}.Release|Any CPU.Build.0 = Release|Any CPU
		{B43F6652-5B83-4AF9-A139-875AC312EA31}.Debug|Any CPU.ActiveCfg = Debug|Any CPU
		{B43F6652-5B83-4AF9-A139-875AC312EA31}.Debug|Any CPU.Build.0 = Debug|Any CPU
		{B43F6652-5B83-4AF9-A139-875AC312EA31}.Release|Any CPU.ActiveCfg = Release|Any CPU
		{B43F6652-5B83-4AF9-A139-875AC312EA31}.Release|Any CPU.Build.0 = Release|Any CPU
		{7C9D765D-C378-4E74-A2CB-B78F67EC5CE8}.Debug|Any CPU.ActiveCfg = Debug|Any CPU
		{7C9D765D-C378-4E74-A2CB-B78F67EC5CE8}.Debug|Any CPU.Build.0 = Debug|Any CPU
		{7C9D765D-C378-4E74-A2CB-B78F67EC5CE8}.Release|Any CPU.ActiveCfg = Release|Any CPU
		{7C9D765D-C378-4E74-A2CB-B78F67EC5CE8}.Release|Any CPU.Build.0 = Release|Any CPU
		{5A3244E2-0854-44EC-9EE0-766A34B38D54}.Debug|Any CPU.ActiveCfg = Debug|Any CPU
		{5A3244E2-0854-44EC-9EE0-766A34B38D54}.Debug|Any CPU.Build.0 = Debug|Any CPU
		{5A3244E2-0854-44EC-9EE0-766A34B38D54}.Release|Any CPU.ActiveCfg = Release|Any CPU
		{5A3244E2-0854-44EC-9EE0-766A34B38D54}.Release|Any CPU.Build.0 = Release|Any CPU
		{80560726-C2A8-4B64-841B-9E9B8E88F2CD}.Debug|Any CPU.ActiveCfg = Debug|Any CPU
		{80560726-C2A8-4B64-841B-9E9B8E88F2CD}.Debug|Any CPU.Build.0 = Debug|Any CPU
		{80560726-C2A8-4B64-841B-9E9B8E88F2CD}.Release|Any CPU.ActiveCfg = Release|Any CPU
		{80560726-C2A8-4B64-841B-9E9B8E88F2CD}.Release|Any CPU.Build.0 = Release|Any CPU
		{5C3304AF-75BA-40D8-9622-5CED54ED58B1}.Debug|Any CPU.ActiveCfg = Debug|Any CPU
		{5C3304AF-75BA-40D8-9622-5CED54ED58B1}.Debug|Any CPU.Build.0 = Debug|Any CPU
		{5C3304AF-75BA-40D8-9622-5CED54ED58B1}.Release|Any CPU.ActiveCfg = Release|Any CPU
		{5C3304AF-75BA-40D8-9622-5CED54ED58B1}.Release|Any CPU.Build.0 = Release|Any CPU
		{A28BE12F-8EFD-4F63-A46C-57D3EC565827}.Debug|Any CPU.ActiveCfg = Debug|Any CPU
		{A28BE12F-8EFD-4F63-A46C-57D3EC565827}.Debug|Any CPU.Build.0 = Debug|Any CPU
		{A28BE12F-8EFD-4F63-A46C-57D3EC565827}.Release|Any CPU.ActiveCfg = Release|Any CPU
		{A28BE12F-8EFD-4F63-A46C-57D3EC565827}.Release|Any CPU.Build.0 = Release|Any CPU
		{85BDFE2B-6269-45FD-A6E6-431AD7C4BC2E}.Debug|Any CPU.ActiveCfg = Debug|Any CPU
		{85BDFE2B-6269-45FD-A6E6-431AD7C4BC2E}.Debug|Any CPU.Build.0 = Debug|Any CPU
		{85BDFE2B-6269-45FD-A6E6-431AD7C4BC2E}.Release|Any CPU.ActiveCfg = Release|Any CPU
		{85BDFE2B-6269-45FD-A6E6-431AD7C4BC2E}.Release|Any CPU.Build.0 = Release|Any CPU
		{D4554890-E1FB-5422-9D6E-EAB173052433}.Debug|Any CPU.ActiveCfg = Debug|Any CPU
		{D4554890-E1FB-5422-9D6E-EAB173052433}.Debug|Any CPU.Build.0 = Debug|Any CPU
		{D4554890-E1FB-5422-9D6E-EAB173052433}.Release|Any CPU.ActiveCfg = Release|Any CPU
		{D4554890-E1FB-5422-9D6E-EAB173052433}.Release|Any CPU.Build.0 = Release|Any CPU
	EndGlobalSection
	GlobalSection(SolutionProperties) = preSolution
		HideSolutionNode = FALSE
	EndGlobalSection
	GlobalSection(ExtensibilityGlobals) = postSolution
		SolutionGuid = {F1A1B20C-8D32-4938-91B0-E53C2525E619}
	EndGlobalSection
EndGlobal
