
Microsoft Visual Studio Solution File, Format Version 12.00
# Visual Studio Version 17
VisualStudioVersion = 17.2.32516.85
MinimumVisualStudioVersion = 10.0.40219.1
Project("{FAE04EC0-301F-11D3-BF4B-00C04F79EFBC}") = "Practice", "Practice\Practice.csproj", "{EFE79737-977A-47D5-A21E-0A8E8181561C}"
EndProject
Global
	GlobalSection(SolutionConfigurationPlatforms) = preSolution
		Debug|Any CPU = Debug|Any CPU
		Release|Any CPU = Release|Any CPU
	EndGlobalSection
	GlobalSection(ProjectConfigurationPlatforms) = postSolution
		{EFE79737-977A-47D5-A21E-0A8E8181561C}.Debug|Any CPU.ActiveCfg = Debug|Any CPU
		{EFE79737-977A-47D5-A21E-0A8E8181561C}.Debug|Any CPU.Build.0 = Debug|Any CPU
		{EFE79737-977A-47D5-A21E-0A8E8181561C}.Release|Any CPU.ActiveCfg = Release|Any CPU
		{EFE79737-977A-47D5-A21E-0A8E8181561C}.Release|Any CPU.Build.0 = Release|Any CPU
	EndGlobalSection
	GlobalSection(SolutionProperties) = preSolution
		HideSolutionNode = FALSE
	EndGlobalSection
	GlobalSection(ExtensibilityGlobals) = postSolution
		SolutionGuid = {7FE487D6-B4FD-4610-9AC9-0A95FFE8E489}
	EndGlobalSection
EndGlobal
