
Microsoft Visual Studio Solution File, Format Version 12.00
# Visual Studio Version 17
VisualStudioVersion = 17.1.32414.318
MinimumVisualStudioVersion = 10.0.40219.1
Project("{FAE04EC0-301F-11D3-BF4B-00C04F79EFBC}") = "SourceWebAPI", "UltimateSource\SourceWebAPI.csproj", "{1FA25DB7-A473-4980-9E3F-B801590466CA}"
EndProject
Project("{FAE04EC0-301F-11D3-BF4B-00C04F79EFBC}") = "LINQ2SQL", "LINQ2SQL\LINQ2SQL.csproj", "{96B81FC3-BA5E-43C1-90BA-D667C25C6115}"
EndProject
Project("{FAE04EC0-301F-11D3-BF4B-00C04F79EFBC}") = "_001_SELECT", "_001_SELECT\_001_SELECT.csproj", "{81C68BEB-33CB-435B-95B9-FD79B4AEF5FE}"
EndProject
Project("{2150E333-8FDC-42A3-9474-1A3956D46DE8}") = "ASPNET_WebForms", "ASPNET_WebForms", "{43EDF4A2-B698-4751-BFCE-EF6270974796}"
EndProject
Project("{2150E333-8FDC-42A3-9474-1A3956D46DE8}") = "ASPNET_WebAPIs", "ASPNET_WebAPIs", "{1E99CB35-F958-4337-808E-D9E31454341F}"
EndProject
Project("{2150E333-8FDC-42A3-9474-1A3956D46DE8}") = "ASPNET_WebForms_LINQ_to_SQL", "ASPNET_WebForms_LINQ_to_SQL", "{808FF8DD-A732-4040-B36C-BBA7C35E6B7A}"
EndProject
Project("{9A19103F-16F7-4668-BE54-9A1E7A4F7556}") = "AngularService", "AngularService\AngularService.csproj", "{04EEB780-2207-4778-A523-4F54CD8CF77F}"
EndProject
Project("{FAE04EC0-301F-11D3-BF4B-00C04F79EFBC}") = "WebApplication1", "WebApplication1\WebApplication1.csproj", "{B623FD9F-B6EF-4CCE-8CF2-7EBA974B71A0}"
EndProject
Global
	GlobalSection(SolutionConfigurationPlatforms) = preSolution
		Debug|Any CPU = Debug|Any CPU
		Release|Any CPU = Release|Any CPU
	EndGlobalSection
	GlobalSection(ProjectConfigurationPlatforms) = postSolution
		{1FA25DB7-A473-4980-9E3F-B801590466CA}.Debug|Any CPU.ActiveCfg = Debug|Any CPU
		{1FA25DB7-A473-4980-9E3F-B801590466CA}.Debug|Any CPU.Build.0 = Debug|Any CPU
		{1FA25DB7-A473-4980-9E3F-B801590466CA}.Release|Any CPU.ActiveCfg = Release|Any CPU
		{1FA25DB7-A473-4980-9E3F-B801590466CA}.Release|Any CPU.Build.0 = Release|Any CPU
		{96B81FC3-BA5E-43C1-90BA-D667C25C6115}.Debug|Any CPU.ActiveCfg = Debug|Any CPU
		{96B81FC3-BA5E-43C1-90BA-D667C25C6115}.Debug|Any CPU.Build.0 = Debug|Any CPU
		{96B81FC3-BA5E-43C1-90BA-D667C25C6115}.Release|Any CPU.ActiveCfg = Release|Any CPU
		{96B81FC3-BA5E-43C1-90BA-D667C25C6115}.Release|Any CPU.Build.0 = Release|Any CPU
		{81C68BEB-33CB-435B-95B9-FD79B4AEF5FE}.Debug|Any CPU.ActiveCfg = Debug|Any CPU
		{81C68BEB-33CB-435B-95B9-FD79B4AEF5FE}.Debug|Any CPU.Build.0 = Debug|Any CPU
		{81C68BEB-33CB-435B-95B9-FD79B4AEF5FE}.Release|Any CPU.ActiveCfg = Release|Any CPU
		{81C68BEB-33CB-435B-95B9-FD79B4AEF5FE}.Release|Any CPU.Build.0 = Release|Any CPU
		{04EEB780-2207-4778-A523-4F54CD8CF77F}.Debug|Any CPU.ActiveCfg = Debug|Any CPU
		{04EEB780-2207-4778-A523-4F54CD8CF77F}.Debug|Any CPU.Build.0 = Debug|Any CPU
		{04EEB780-2207-4778-A523-4F54CD8CF77F}.Release|Any CPU.ActiveCfg = Release|Any CPU
		{04EEB780-2207-4778-A523-4F54CD8CF77F}.Release|Any CPU.Build.0 = Release|Any CPU
		{B623FD9F-B6EF-4CCE-8CF2-7EBA974B71A0}.Debug|Any CPU.ActiveCfg = Debug|Any CPU
		{B623FD9F-B6EF-4CCE-8CF2-7EBA974B71A0}.Debug|Any CPU.Build.0 = Debug|Any CPU
		{B623FD9F-B6EF-4CCE-8CF2-7EBA974B71A0}.Release|Any CPU.ActiveCfg = Release|Any CPU
		{B623FD9F-B6EF-4CCE-8CF2-7EBA974B71A0}.Release|Any CPU.Build.0 = Release|Any CPU
	EndGlobalSection
	GlobalSection(SolutionProperties) = preSolution
		HideSolutionNode = FALSE
	EndGlobalSection
	GlobalSection(NestedProjects) = preSolution
		{1FA25DB7-A473-4980-9E3F-B801590466CA} = {1E99CB35-F958-4337-808E-D9E31454341F}
		{96B81FC3-BA5E-43C1-90BA-D667C25C6115} = {808FF8DD-A732-4040-B36C-BBA7C35E6B7A}
		{81C68BEB-33CB-435B-95B9-FD79B4AEF5FE} = {43EDF4A2-B698-4751-BFCE-EF6270974796}
		{808FF8DD-A732-4040-B36C-BBA7C35E6B7A} = {43EDF4A2-B698-4751-BFCE-EF6270974796}
	EndGlobalSection
	GlobalSection(ExtensibilityGlobals) = postSolution
		SolutionGuid = {F047091A-B9D7-4277-8865-2E151DA1038F}
	EndGlobalSection
EndGlobal
