
Microsoft Visual Studio Solution File, Format Version 12.00
# Visual Studio Version 17
VisualStudioVersion = 17.1.32414.318
MinimumVisualStudioVersion = 10.0.40219.1
Project("{FAE04EC0-301F-11D3-BF4B-00C04F79EFBC}") = "_011_Iteration_WhileLoop", "_011_Iteration_WhileLoop\_011_Iteration_WhileLoop.csproj", "{113A1F05-35AA-4941-BFD5-4A74D4807830}"
EndProject
Project("{FAE04EC0-301F-11D3-BF4B-00C04F79EFBC}") = "_016_Methods_Instance", "_016_Methods_Instance\_016_Methods_Instance.csproj", "{F764DA42-4EB6-4433-B93E-24A37F4A5132}"
EndProject
Project("{FAE04EC0-301F-11D3-BF4B-00C04F79EFBC}") = "_017_MultiDimensionArrays", "_017_MultiDimensionArrays\_017_MultiDimensionArrays.csproj", "{51093F2B-E3BB-45BC-A178-E5FC81E544B3}"
EndProject
Project("{FAE04EC0-301F-11D3-BF4B-00C04F79EFBC}") = "_018_ Namespaces", "_018_ Namespaces\_018_ Namespaces.csproj", "{A28F4F73-BEDE-440C-9C62-CA67A4F77EBE}"
EndProject
Project("{FAE04EC0-301F-11D3-BF4B-00C04F79EFBC}") = "_019_Classes", "_019_Classes\_019_Classes.csproj", "{B9C13411-E856-4172-A034-0067014787AF}"
EndProject
Project("{FAE04EC0-301F-11D3-BF4B-00C04F79EFBC}") = "_020_ClassMembers_Static", "_020_ClassMembers_Static\_020_ClassMembers_Static.csproj", "{2BDC44CC-EDAC-452A-AED2-FCC5F03D0009}"
EndProject
Project("{FAE04EC0-301F-11D3-BF4B-00C04F79EFBC}") = "_021_ClassMembers_Instance", "_021_ClassMembers_Instance\_021_ClassMembers_Instance.csproj", "{97B63A4E-EE24-4D36-8926-40F60E163E64}"
EndProject
Project("{FAE04EC0-301F-11D3-BF4B-00C04F79EFBC}") = "_022_Inheritance", "_022_Inheritance\_022_Inheritance.csproj", "{CBA61FE6-DAA4-4827-942A-59D32365E8CE}"
EndProject
Project("{FAE04EC0-301F-11D3-BF4B-00C04F79EFBC}") = "_023_MethodHiding", "_023_MethodHiding\_023_MethodHiding.csproj", "{03F81496-7319-4BFC-AC33-2424EDD0CD5B}"
EndProject
Project("{FAE04EC0-301F-11D3-BF4B-00C04F79EFBC}") = "_024_Polymorphism", "_024_Polymorphism\_024_Polymorphism.csproj", "{07125F9F-3D3C-4792-AAF0-FD86D1D42240}"
EndProject
Project("{FAE04EC0-301F-11D3-BF4B-00C04F79EFBC}") = "_028_Properties", "_028_Properties\_028_Properties.csproj", "{295F0906-9411-4352-9091-7D024E4C8076}"
EndProject
Project("{FAE04EC0-301F-11D3-BF4B-00C04F79EFBC}") = "_029_Structs", "_029_Structs\_029_Structs.csproj", "{4AE4BFAD-6A1B-40BF-8A10-41658BBC36C2}"
EndProject
Project("{FAE04EC0-301F-11D3-BF4B-00C04F79EFBC}") = "_030_Interfaces_002", "_030_Interfaces_002\_030_Interfaces_002.csproj", "{985ECAD9-5582-40F1-8FB8-7ECEDA25AD1A}"
EndProject
Project("{FAE04EC0-301F-11D3-BF4B-00C04F79EFBC}") = "_031_AbstractClasses", "_031_AbstractClasses\_031_AbstractClasses.csproj", "{604866F3-8B60-45AD-9FC4-203EC0B9FEAF}"
EndProject
Project("{FAE04EC0-301F-11D3-BF4B-00C04F79EFBC}") = "_032_Delegates", "_032_Delegates\_032_Delegates.csproj", "{0A9908D8-6C3D-4E13-8243-6AE900D44EF4}"
EndProject
Project("{FAE04EC0-301F-11D3-BF4B-00C04F79EFBC}") = "LinkedLists", "LinkedList\LinkedLists.csproj", "{A44E90EA-1A8D-4A3F-854E-C8404DA7A08A}"
EndProject
Project("{FAE04EC0-301F-11D3-BF4B-00C04F79EFBC}") = "KeyValue", "KeyValueC\KeyValue.csproj", "{DC17DE01-18FD-479D-8599-2978607A290C}"
EndProject
Project("{FAE04EC0-301F-11D3-BF4B-00C04F79EFBC}") = "DateTimeInp", "DateTimeInp\DateTimeInp.csproj", "{35644CD1-F026-4CFC-A073-714F0B7D036B}"
EndProject
Project("{FAE04EC0-301F-11D3-BF4B-00C04F79EFBC}") = "_033_ExceptionHandling", "_033_ExceptionHandling\_033_ExceptionHandling.csproj", "{86CE4C3E-D7F8-43D6-9BE1-D99E1AE82E73}"
EndProject
Project("{FAE04EC0-301F-11D3-BF4B-00C04F79EFBC}") = "_001_Print", "_001_Print\_001_Print.csproj", "{B99C358B-E7FB-433D-8C4B-36729CEED247}"
EndProject
Project("{FAE04EC0-301F-11D3-BF4B-00C04F79EFBC}") = "_002_StringDataType", "_002_StringDataType\_002_StringDataType.csproj", "{1387B94F-38AB-4597-AB9E-316CC14A7668}"
EndProject
Project("{FAE04EC0-301F-11D3-BF4B-00C04F79EFBC}") = "_003_IntegerDataType", "_003_IntegerDataType\_003_IntegerDataType.csproj", "{86B839AD-FFEC-439D-8C73-D34D3B4634B9}"
EndProject
Project("{FAE04EC0-301F-11D3-BF4B-00C04F79EFBC}") = "_004_BooleanDataType", "_004_BooleanDataType\_004_BooleanDataType.csproj", "{A0649591-DEE7-41EE-96EC-205E55206813}"
EndProject
Project("{FAE04EC0-301F-11D3-BF4B-00C04F79EFBC}") = "_005_CharacterDataType", "_005_CharacterDataType\_005_CharacterDataType.csproj", "{7EFFBE99-71FE-4D74-B623-AE3E2E7C6613}"
EndProject
Project("{FAE04EC0-301F-11D3-BF4B-00C04F79EFBC}") = "_006_FloatDataType", "_006_FloatDataType\_006_FloatDataType.csproj", "{6DFBAF6D-B9DD-4EEF-B054-A4A09D9D825D}"
EndProject
Project("{FAE04EC0-301F-11D3-BF4B-00C04F79EFBC}") = "_008_Selection_IfStatement", "_008_Selection_IfStatement\_008_Selection_IfStatement.csproj", "{4D6FAE42-84AA-4131-8BFB-3C25114B05AC}"
EndProject
Project("{FAE04EC0-301F-11D3-BF4B-00C04F79EFBC}") = "_009_Selection_SwitchStatement", "_009_Selection_SwitchStatement\_009_Selection_SwitchStatement.csproj", "{208C1124-5695-4A57-A252-6AA22DDDA2F2}"
EndProject
Project("{FAE04EC0-301F-11D3-BF4B-00C04F79EFBC}") = "_010_Arrays", "_010_Arrays\_010_Arrays.csproj", "{0902C7C3-85D1-44D8-A7BA-BB5C9A9C8D97}"
EndProject
Project("{FAE04EC0-301F-11D3-BF4B-00C04F79EFBC}") = "_012_Iteration_DoWhileLoop", "_012_Iteration_DoWhileLoop\_012_Iteration_DoWhileLoop.csproj", "{C19D5D56-DF40-4F2B-81A5-F03A39EC2DB8}"
EndProject
Project("{FAE04EC0-301F-11D3-BF4B-00C04F79EFBC}") = "_013_Iteration_ForLoop", "_013_Iteration_ForLoop\_013_Iteration_ForLoop.csproj", "{2CE4DBB7-2EC9-4BE6-8E0B-DD64FB65733B}"
EndProject
Project("{FAE04EC0-301F-11D3-BF4B-00C04F79EFBC}") = "_014_Iteration_ForEachLoop", "_014_Iteration_ForEachLoop\_014_Iteration_ForEachLoop.csproj", "{DA99D300-74DA-4A5C-ACF7-56D4ED992498}"
EndProject
Project("{FAE04EC0-301F-11D3-BF4B-00C04F79EFBC}") = "_015_Methods_Static", "_015_Methods_Static\_015_Methods_Static.csproj", "{B4026003-F114-4C3E-8B45-39F2EEC3C46A}"
EndProject
Project("{FAE04EC0-301F-11D3-BF4B-00C04F79EFBC}") = "_018_ProjectA.TeamA", "_018_ProjectA.TeamA\_018_ProjectA.TeamA.csproj", "{0C0431C0-F19B-4CB4-9197-230E25264115}"
EndProject
Project("{FAE04EC0-301F-11D3-BF4B-00C04F79EFBC}") = "_018_ProjectA.TeamB", "_018_ProjectA.TeamB\_018_ProjectA.TeamB.csproj", "{5E028B9C-D904-481C-858F-309DD4EE1D51}"
EndProject
Project("{FAE04EC0-301F-11D3-BF4B-00C04F79EFBC}") = "_027_Properties_GetSetMethods", "_027_Properties_GetSetMethods\_027_Properties_GetSetMethods.csproj", "{B6EA8B07-BDCD-4BC1-90B5-2104E79BA37E}"
EndProject
Project("{FAE04EC0-301F-11D3-BF4B-00C04F79EFBC}") = "_030_Interfaces_001", "_030_Interfaces_001\_030_Interfaces_001.csproj", "{C4A8D5EF-C1C9-4A92-AA67-F0D9DB4FF746}"
EndProject
Project("{FAE04EC0-301F-11D3-BF4B-00C04F79EFBC}") = "StringBuilder", "StringBuilder\StringBuilder.csproj", "{5E7F1FDC-94D3-46C3-A69D-0B8ADF853036}"
EndProject
Project("{FAE04EC0-301F-11D3-BF4B-00C04F79EFBC}") = "Files", "Files\Files.csproj", "{76DE4584-7519-4F97-91F4-552BA9997DBE}"
EndProject
Project("{FAE04EC0-301F-11D3-BF4B-00C04F79EFBC}") = "BigInt", "BigInt\BigInt.csproj", "{585D9BC2-8ED9-413E-8AFA-D8E8EACF8798}"
EndProject
Project("{FAE04EC0-301F-11D3-BF4B-00C04F79EFBC}") = "_034_Enumerations", "_034_Enumerations\_034_Enumerations.csproj", "{D3E992BA-A5EC-4745-91D8-561EF20FE16F}"
EndProject
Project("{FAE04EC0-301F-11D3-BF4B-00C04F79EFBC}") = "_051_Databases", "_051_Databases\_051_Databases.csproj", "{4BEB3F0B-366D-4D43-97D3-9E753CD51B88}"
EndProject
Project("{FAE04EC0-301F-11D3-BF4B-00C04F79EFBC}") = "LINQ_Expressions", "LINQ_Expressions\LINQ_Expressions.csproj", "{1D69D2E2-F9E4-4985-8CF1-A9C2ADD206C5}"
EndProject
Project("{FAE04EC0-301F-11D3-BF4B-00C04F79EFBC}") = "LINQ_Query_Expression_Syntax", "LINQ_Query_Expression_Syntax\LINQ_Query_Expression_Syntax.csproj", "{E1BE136A-A6BA-4A6B-B267-D23865A6384E}"
EndProject
Project("{FAE04EC0-301F-11D3-BF4B-00C04F79EFBC}") = "LINQ_Lambda_Method_Syntax", "LINQ_Lambda_Method_Syntax\LINQ_Lambda_Method_Syntax.csproj", "{5AE5DF15-12F7-43E7-995F-B70C501E257E}"
EndProject
Project("{FAE04EC0-301F-11D3-BF4B-00C04F79EFBC}") = "LINQ_To_SQL", "LINQ_To_SQL\LINQ_To_SQL.csproj", "{BD99160C-43F6-46C0-879E-7543CDC6311A}"
EndProject
Project("{FAE04EC0-301F-11D3-BF4B-00C04F79EFBC}") = "Array_BaseClass", "Array_BaseClass\Array_BaseClass.csproj", "{25E998B3-2BA7-499B-BE3E-EF35FAF82EF2}"
EndProject
Project("{FAE04EC0-301F-11D3-BF4B-00C04F79EFBC}") = "_035_MulticastDelegates", "_035_MulticastDelegates\_035_MulticastDelegates.csproj", "{390F76DE-87A5-4F1C-A8C0-1478AB326EB1}"
EndProject
Project("{FAE04EC0-301F-11D3-BF4B-00C04F79EFBC}") = "_036_Attributes", "_036_Attributes\_036_Attributes.csproj", "{A8048098-EA30-41CE-847A-01893E1DE7D8}"
EndProject
Project("{FAE04EC0-301F-11D3-BF4B-00C04F79EFBC}") = "_037_Reflection", "_037_Reflection\_037_Reflection.csproj", "{7C61A5FC-9A02-4334-8D61-B3DCC0EAFB44}"
EndProject
Project("{FAE04EC0-301F-11D3-BF4B-00C04F79EFBC}") = "_038_EqualsMethod", "_038_EqualsMethod\_038_EqualsMethod.csproj", "{13EA6019-5D08-47F8-976E-2898707B8D3F}"
EndProject
Project("{FAE04EC0-301F-11D3-BF4B-00C04F79EFBC}") = "_041_Collections_Dictionary", "_041_Collections_Dictionary\_041_Collections_Dictionary.csproj", "{31E1ABE2-AEA2-41A9-A949-BF1C9CEBB04E}"
EndProject
Project("{FAE04EC0-301F-11D3-BF4B-00C04F79EFBC}") = "_040_Collections_List_SimpleTypes", "_040_Collections_List_SimpleTypes\_040_Collections_List_SimpleTypes.csproj", "{F7FCD492-4A7B-43DF-9ACE-C31E6E4D3C2A}"
EndProject
Project("{FAE04EC0-301F-11D3-BF4B-00C04F79EFBC}") = "_039_Collections_List_ComplexTypes", "_039_Collections_List_ComplexTypes\_039_Collections_List_ComplexTypes.csproj", "{635760A1-13DF-435B-B093-89A7A39D332F}"
EndProject
Project("{FAE04EC0-301F-11D3-BF4B-00C04F79EFBC}") = "_042_Collections_Queue", "_042_Collections_Queue\_042_Collections_Queue.csproj", "{44D06D1C-05EB-463B-80D9-EE7E7B9B7CCC}"
EndProject
Project("{FAE04EC0-301F-11D3-BF4B-00C04F79EFBC}") = "_043_Collections_Stack", "_043_Collections_Stack\_043_Collections_Stack.csproj", "{A4499595-B763-4725-86A5-2E22762CD152}"
EndProject
Project("{FAE04EC0-301F-11D3-BF4B-00C04F79EFBC}") = "_044_Thread", "_044_Thread\_044_Thread.csproj", "{D070A05F-6932-4994-B825-0FCAB5ADE2BA}"
EndProject
Project("{FAE04EC0-301F-11D3-BF4B-00C04F79EFBC}") = "_045_Collections_Objects_ArrayList", "_045_Collections_Objects_ArrayList\_045_Collections_Objects_ArrayList.csproj", "{BE5DB805-82B3-4AF2-979A-3571861908D0}"
EndProject
Project("{FAE04EC0-301F-11D3-BF4B-00C04F79EFBC}") = "_017_MultiDimensionalArrays_Jagged", "_017_MultiDimensionalArrays_Jagged\_017_MultiDimensionalArrays_Jagged.csproj", "{1A1CE027-3C91-41C4-AF78-D2FA0AD1C884}"
EndProject
Global
	GlobalSection(SolutionConfigurationPlatforms) = preSolution
		Debug|Any CPU = Debug|Any CPU
		Release|Any CPU = Release|Any CPU
	EndGlobalSection
	GlobalSection(ProjectConfigurationPlatforms) = postSolution
		{113A1F05-35AA-4941-BFD5-4A74D4807830}.Debug|Any CPU.ActiveCfg = Debug|Any CPU
		{113A1F05-35AA-4941-BFD5-4A74D4807830}.Debug|Any CPU.Build.0 = Debug|Any CPU
		{113A1F05-35AA-4941-BFD5-4A74D4807830}.Release|Any CPU.ActiveCfg = Release|Any CPU
		{113A1F05-35AA-4941-BFD5-4A74D4807830}.Release|Any CPU.Build.0 = Release|Any CPU
		{F764DA42-4EB6-4433-B93E-24A37F4A5132}.Debug|Any CPU.ActiveCfg = Debug|Any CPU
		{F764DA42-4EB6-4433-B93E-24A37F4A5132}.Debug|Any CPU.Build.0 = Debug|Any CPU
		{F764DA42-4EB6-4433-B93E-24A37F4A5132}.Release|Any CPU.ActiveCfg = Release|Any CPU
		{F764DA42-4EB6-4433-B93E-24A37F4A5132}.Release|Any CPU.Build.0 = Release|Any CPU
		{51093F2B-E3BB-45BC-A178-E5FC81E544B3}.Debug|Any CPU.ActiveCfg = Debug|Any CPU
		{51093F2B-E3BB-45BC-A178-E5FC81E544B3}.Debug|Any CPU.Build.0 = Debug|Any CPU
		{51093F2B-E3BB-45BC-A178-E5FC81E544B3}.Release|Any CPU.ActiveCfg = Release|Any CPU
		{51093F2B-E3BB-45BC-A178-E5FC81E544B3}.Release|Any CPU.Build.0 = Release|Any CPU
		{A28F4F73-BEDE-440C-9C62-CA67A4F77EBE}.Debug|Any CPU.ActiveCfg = Debug|Any CPU
		{A28F4F73-BEDE-440C-9C62-CA67A4F77EBE}.Debug|Any CPU.Build.0 = Debug|Any CPU
		{A28F4F73-BEDE-440C-9C62-CA67A4F77EBE}.Release|Any CPU.ActiveCfg = Release|Any CPU
		{A28F4F73-BEDE-440C-9C62-CA67A4F77EBE}.Release|Any CPU.Build.0 = Release|Any CPU
		{B9C13411-E856-4172-A034-0067014787AF}.Debug|Any CPU.ActiveCfg = Debug|Any CPU
		{B9C13411-E856-4172-A034-0067014787AF}.Debug|Any CPU.Build.0 = Debug|Any CPU
		{B9C13411-E856-4172-A034-0067014787AF}.Release|Any CPU.ActiveCfg = Release|Any CPU
		{B9C13411-E856-4172-A034-0067014787AF}.Release|Any CPU.Build.0 = Release|Any CPU
		{2BDC44CC-EDAC-452A-AED2-FCC5F03D0009}.Debug|Any CPU.ActiveCfg = Debug|Any CPU
		{2BDC44CC-EDAC-452A-AED2-FCC5F03D0009}.Debug|Any CPU.Build.0 = Debug|Any CPU
		{2BDC44CC-EDAC-452A-AED2-FCC5F03D0009}.Release|Any CPU.ActiveCfg = Release|Any CPU
		{2BDC44CC-EDAC-452A-AED2-FCC5F03D0009}.Release|Any CPU.Build.0 = Release|Any CPU
		{97B63A4E-EE24-4D36-8926-40F60E163E64}.Debug|Any CPU.ActiveCfg = Debug|Any CPU
		{97B63A4E-EE24-4D36-8926-40F60E163E64}.Debug|Any CPU.Build.0 = Debug|Any CPU
		{97B63A4E-EE24-4D36-8926-40F60E163E64}.Release|Any CPU.ActiveCfg = Release|Any CPU
		{97B63A4E-EE24-4D36-8926-40F60E163E64}.Release|Any CPU.Build.0 = Release|Any CPU
		{CBA61FE6-DAA4-4827-942A-59D32365E8CE}.Debug|Any CPU.ActiveCfg = Debug|Any CPU
		{CBA61FE6-DAA4-4827-942A-59D32365E8CE}.Debug|Any CPU.Build.0 = Debug|Any CPU
		{CBA61FE6-DAA4-4827-942A-59D32365E8CE}.Release|Any CPU.ActiveCfg = Release|Any CPU
		{CBA61FE6-DAA4-4827-942A-59D32365E8CE}.Release|Any CPU.Build.0 = Release|Any CPU
		{03F81496-7319-4BFC-AC33-2424EDD0CD5B}.Debug|Any CPU.ActiveCfg = Debug|Any CPU
		{03F81496-7319-4BFC-AC33-2424EDD0CD5B}.Debug|Any CPU.Build.0 = Debug|Any CPU
		{03F81496-7319-4BFC-AC33-2424EDD0CD5B}.Release|Any CPU.ActiveCfg = Release|Any CPU
		{03F81496-7319-4BFC-AC33-2424EDD0CD5B}.Release|Any CPU.Build.0 = Release|Any CPU
		{07125F9F-3D3C-4792-AAF0-FD86D1D42240}.Debug|Any CPU.ActiveCfg = Debug|Any CPU
		{07125F9F-3D3C-4792-AAF0-FD86D1D42240}.Debug|Any CPU.Build.0 = Debug|Any CPU
		{07125F9F-3D3C-4792-AAF0-FD86D1D42240}.Release|Any CPU.ActiveCfg = Release|Any CPU
		{07125F9F-3D3C-4792-AAF0-FD86D1D42240}.Release|Any CPU.Build.0 = Release|Any CPU
		{295F0906-9411-4352-9091-7D024E4C8076}.Debug|Any CPU.ActiveCfg = Debug|Any CPU
		{295F0906-9411-4352-9091-7D024E4C8076}.Debug|Any CPU.Build.0 = Debug|Any CPU
		{295F0906-9411-4352-9091-7D024E4C8076}.Release|Any CPU.ActiveCfg = Release|Any CPU
		{295F0906-9411-4352-9091-7D024E4C8076}.Release|Any CPU.Build.0 = Release|Any CPU
		{4AE4BFAD-6A1B-40BF-8A10-41658BBC36C2}.Debug|Any CPU.ActiveCfg = Debug|Any CPU
		{4AE4BFAD-6A1B-40BF-8A10-41658BBC36C2}.Debug|Any CPU.Build.0 = Debug|Any CPU
		{4AE4BFAD-6A1B-40BF-8A10-41658BBC36C2}.Release|Any CPU.ActiveCfg = Release|Any CPU
		{4AE4BFAD-6A1B-40BF-8A10-41658BBC36C2}.Release|Any CPU.Build.0 = Release|Any CPU
		{985ECAD9-5582-40F1-8FB8-7ECEDA25AD1A}.Debug|Any CPU.ActiveCfg = Debug|Any CPU
		{985ECAD9-5582-40F1-8FB8-7ECEDA25AD1A}.Debug|Any CPU.Build.0 = Debug|Any CPU
		{985ECAD9-5582-40F1-8FB8-7ECEDA25AD1A}.Release|Any CPU.ActiveCfg = Release|Any CPU
		{985ECAD9-5582-40F1-8FB8-7ECEDA25AD1A}.Release|Any CPU.Build.0 = Release|Any CPU
		{604866F3-8B60-45AD-9FC4-203EC0B9FEAF}.Debug|Any CPU.ActiveCfg = Debug|Any CPU
		{604866F3-8B60-45AD-9FC4-203EC0B9FEAF}.Debug|Any CPU.Build.0 = Debug|Any CPU
		{604866F3-8B60-45AD-9FC4-203EC0B9FEAF}.Release|Any CPU.ActiveCfg = Release|Any CPU
		{604866F3-8B60-45AD-9FC4-203EC0B9FEAF}.Release|Any CPU.Build.0 = Release|Any CPU
		{0A9908D8-6C3D-4E13-8243-6AE900D44EF4}.Debug|Any CPU.ActiveCfg = Debug|Any CPU
		{0A9908D8-6C3D-4E13-8243-6AE900D44EF4}.Debug|Any CPU.Build.0 = Debug|Any CPU
		{0A9908D8-6C3D-4E13-8243-6AE900D44EF4}.Release|Any CPU.ActiveCfg = Release|Any CPU
		{0A9908D8-6C3D-4E13-8243-6AE900D44EF4}.Release|Any CPU.Build.0 = Release|Any CPU
		{A44E90EA-1A8D-4A3F-854E-C8404DA7A08A}.Debug|Any CPU.ActiveCfg = Debug|Any CPU
		{A44E90EA-1A8D-4A3F-854E-C8404DA7A08A}.Debug|Any CPU.Build.0 = Debug|Any CPU
		{A44E90EA-1A8D-4A3F-854E-C8404DA7A08A}.Release|Any CPU.ActiveCfg = Release|Any CPU
		{A44E90EA-1A8D-4A3F-854E-C8404DA7A08A}.Release|Any CPU.Build.0 = Release|Any CPU
		{DC17DE01-18FD-479D-8599-2978607A290C}.Debug|Any CPU.ActiveCfg = Debug|Any CPU
		{DC17DE01-18FD-479D-8599-2978607A290C}.Debug|Any CPU.Build.0 = Debug|Any CPU
		{DC17DE01-18FD-479D-8599-2978607A290C}.Release|Any CPU.ActiveCfg = Release|Any CPU
		{DC17DE01-18FD-479D-8599-2978607A290C}.Release|Any CPU.Build.0 = Release|Any CPU
		{35644CD1-F026-4CFC-A073-714F0B7D036B}.Debug|Any CPU.ActiveCfg = Debug|Any CPU
		{35644CD1-F026-4CFC-A073-714F0B7D036B}.Debug|Any CPU.Build.0 = Debug|Any CPU
		{35644CD1-F026-4CFC-A073-714F0B7D036B}.Release|Any CPU.ActiveCfg = Release|Any CPU
		{35644CD1-F026-4CFC-A073-714F0B7D036B}.Release|Any CPU.Build.0 = Release|Any CPU
		{86CE4C3E-D7F8-43D6-9BE1-D99E1AE82E73}.Debug|Any CPU.ActiveCfg = Debug|Any CPU
		{86CE4C3E-D7F8-43D6-9BE1-D99E1AE82E73}.Debug|Any CPU.Build.0 = Debug|Any CPU
		{86CE4C3E-D7F8-43D6-9BE1-D99E1AE82E73}.Release|Any CPU.ActiveCfg = Release|Any CPU
		{86CE4C3E-D7F8-43D6-9BE1-D99E1AE82E73}.Release|Any CPU.Build.0 = Release|Any CPU
		{B99C358B-E7FB-433D-8C4B-36729CEED247}.Debug|Any CPU.ActiveCfg = Debug|Any CPU
		{B99C358B-E7FB-433D-8C4B-36729CEED247}.Debug|Any CPU.Build.0 = Debug|Any CPU
		{B99C358B-E7FB-433D-8C4B-36729CEED247}.Release|Any CPU.ActiveCfg = Release|Any CPU
		{B99C358B-E7FB-433D-8C4B-36729CEED247}.Release|Any CPU.Build.0 = Release|Any CPU
		{1387B94F-38AB-4597-AB9E-316CC14A7668}.Debug|Any CPU.ActiveCfg = Debug|Any CPU
		{1387B94F-38AB-4597-AB9E-316CC14A7668}.Debug|Any CPU.Build.0 = Debug|Any CPU
		{1387B94F-38AB-4597-AB9E-316CC14A7668}.Release|Any CPU.ActiveCfg = Release|Any CPU
		{1387B94F-38AB-4597-AB9E-316CC14A7668}.Release|Any CPU.Build.0 = Release|Any CPU
		{86B839AD-FFEC-439D-8C73-D34D3B4634B9}.Debug|Any CPU.ActiveCfg = Debug|Any CPU
		{86B839AD-FFEC-439D-8C73-D34D3B4634B9}.Debug|Any CPU.Build.0 = Debug|Any CPU
		{86B839AD-FFEC-439D-8C73-D34D3B4634B9}.Release|Any CPU.ActiveCfg = Release|Any CPU
		{86B839AD-FFEC-439D-8C73-D34D3B4634B9}.Release|Any CPU.Build.0 = Release|Any CPU
		{A0649591-DEE7-41EE-96EC-205E55206813}.Debug|Any CPU.ActiveCfg = Debug|Any CPU
		{A0649591-DEE7-41EE-96EC-205E55206813}.Debug|Any CPU.Build.0 = Debug|Any CPU
		{A0649591-DEE7-41EE-96EC-205E55206813}.Release|Any CPU.ActiveCfg = Release|Any CPU
		{A0649591-DEE7-41EE-96EC-205E55206813}.Release|Any CPU.Build.0 = Release|Any CPU
		{7EFFBE99-71FE-4D74-B623-AE3E2E7C6613}.Debug|Any CPU.ActiveCfg = Debug|Any CPU
		{7EFFBE99-71FE-4D74-B623-AE3E2E7C6613}.Debug|Any CPU.Build.0 = Debug|Any CPU
		{7EFFBE99-71FE-4D74-B623-AE3E2E7C6613}.Release|Any CPU.ActiveCfg = Release|Any CPU
		{7EFFBE99-71FE-4D74-B623-AE3E2E7C6613}.Release|Any CPU.Build.0 = Release|Any CPU
		{6DFBAF6D-B9DD-4EEF-B054-A4A09D9D825D}.Debug|Any CPU.ActiveCfg = Debug|Any CPU
		{6DFBAF6D-B9DD-4EEF-B054-A4A09D9D825D}.Debug|Any CPU.Build.0 = Debug|Any CPU
		{6DFBAF6D-B9DD-4EEF-B054-A4A09D9D825D}.Release|Any CPU.ActiveCfg = Release|Any CPU
		{6DFBAF6D-B9DD-4EEF-B054-A4A09D9D825D}.Release|Any CPU.Build.0 = Release|Any CPU
		{4D6FAE42-84AA-4131-8BFB-3C25114B05AC}.Debug|Any CPU.ActiveCfg = Debug|Any CPU
		{4D6FAE42-84AA-4131-8BFB-3C25114B05AC}.Debug|Any CPU.Build.0 = Debug|Any CPU
		{4D6FAE42-84AA-4131-8BFB-3C25114B05AC}.Release|Any CPU.ActiveCfg = Release|Any CPU
		{4D6FAE42-84AA-4131-8BFB-3C25114B05AC}.Release|Any CPU.Build.0 = Release|Any CPU
		{208C1124-5695-4A57-A252-6AA22DDDA2F2}.Debug|Any CPU.ActiveCfg = Debug|Any CPU
		{208C1124-5695-4A57-A252-6AA22DDDA2F2}.Debug|Any CPU.Build.0 = Debug|Any CPU
		{208C1124-5695-4A57-A252-6AA22DDDA2F2}.Release|Any CPU.ActiveCfg = Release|Any CPU
		{208C1124-5695-4A57-A252-6AA22DDDA2F2}.Release|Any CPU.Build.0 = Release|Any CPU
		{0902C7C3-85D1-44D8-A7BA-BB5C9A9C8D97}.Debug|Any CPU.ActiveCfg = Debug|Any CPU
		{0902C7C3-85D1-44D8-A7BA-BB5C9A9C8D97}.Debug|Any CPU.Build.0 = Debug|Any CPU
		{0902C7C3-85D1-44D8-A7BA-BB5C9A9C8D97}.Release|Any CPU.ActiveCfg = Release|Any CPU
		{0902C7C3-85D1-44D8-A7BA-BB5C9A9C8D97}.Release|Any CPU.Build.0 = Release|Any CPU
		{C19D5D56-DF40-4F2B-81A5-F03A39EC2DB8}.Debug|Any CPU.ActiveCfg = Debug|Any CPU
		{C19D5D56-DF40-4F2B-81A5-F03A39EC2DB8}.Debug|Any CPU.Build.0 = Debug|Any CPU
		{C19D5D56-DF40-4F2B-81A5-F03A39EC2DB8}.Release|Any CPU.ActiveCfg = Release|Any CPU
		{C19D5D56-DF40-4F2B-81A5-F03A39EC2DB8}.Release|Any CPU.Build.0 = Release|Any CPU
		{2CE4DBB7-2EC9-4BE6-8E0B-DD64FB65733B}.Debug|Any CPU.ActiveCfg = Debug|Any CPU
		{2CE4DBB7-2EC9-4BE6-8E0B-DD64FB65733B}.Debug|Any CPU.Build.0 = Debug|Any CPU
		{2CE4DBB7-2EC9-4BE6-8E0B-DD64FB65733B}.Release|Any CPU.ActiveCfg = Release|Any CPU
		{2CE4DBB7-2EC9-4BE6-8E0B-DD64FB65733B}.Release|Any CPU.Build.0 = Release|Any CPU
		{DA99D300-74DA-4A5C-ACF7-56D4ED992498}.Debug|Any CPU.ActiveCfg = Debug|Any CPU
		{DA99D300-74DA-4A5C-ACF7-56D4ED992498}.Debug|Any CPU.Build.0 = Debug|Any CPU
		{DA99D300-74DA-4A5C-ACF7-56D4ED992498}.Release|Any CPU.ActiveCfg = Release|Any CPU
		{DA99D300-74DA-4A5C-ACF7-56D4ED992498}.Release|Any CPU.Build.0 = Release|Any CPU
		{B4026003-F114-4C3E-8B45-39F2EEC3C46A}.Debug|Any CPU.ActiveCfg = Debug|Any CPU
		{B4026003-F114-4C3E-8B45-39F2EEC3C46A}.Debug|Any CPU.Build.0 = Debug|Any CPU
		{B4026003-F114-4C3E-8B45-39F2EEC3C46A}.Release|Any CPU.ActiveCfg = Release|Any CPU
		{B4026003-F114-4C3E-8B45-39F2EEC3C46A}.Release|Any CPU.Build.0 = Release|Any CPU
		{0C0431C0-F19B-4CB4-9197-230E25264115}.Debug|Any CPU.ActiveCfg = Debug|Any CPU
		{0C0431C0-F19B-4CB4-9197-230E25264115}.Debug|Any CPU.Build.0 = Debug|Any CPU
		{0C0431C0-F19B-4CB4-9197-230E25264115}.Release|Any CPU.ActiveCfg = Release|Any CPU
		{0C0431C0-F19B-4CB4-9197-230E25264115}.Release|Any CPU.Build.0 = Release|Any CPU
		{5E028B9C-D904-481C-858F-309DD4EE1D51}.Debug|Any CPU.ActiveCfg = Debug|Any CPU
		{5E028B9C-D904-481C-858F-309DD4EE1D51}.Debug|Any CPU.Build.0 = Debug|Any CPU
		{5E028B9C-D904-481C-858F-309DD4EE1D51}.Release|Any CPU.ActiveCfg = Release|Any CPU
		{5E028B9C-D904-481C-858F-309DD4EE1D51}.Release|Any CPU.Build.0 = Release|Any CPU
		{B6EA8B07-BDCD-4BC1-90B5-2104E79BA37E}.Debug|Any CPU.ActiveCfg = Debug|Any CPU
		{B6EA8B07-BDCD-4BC1-90B5-2104E79BA37E}.Debug|Any CPU.Build.0 = Debug|Any CPU
		{B6EA8B07-BDCD-4BC1-90B5-2104E79BA37E}.Release|Any CPU.ActiveCfg = Release|Any CPU
		{B6EA8B07-BDCD-4BC1-90B5-2104E79BA37E}.Release|Any CPU.Build.0 = Release|Any CPU
		{C4A8D5EF-C1C9-4A92-AA67-F0D9DB4FF746}.Debug|Any CPU.ActiveCfg = Debug|Any CPU
		{C4A8D5EF-C1C9-4A92-AA67-F0D9DB4FF746}.Debug|Any CPU.Build.0 = Debug|Any CPU
		{C4A8D5EF-C1C9-4A92-AA67-F0D9DB4FF746}.Release|Any CPU.ActiveCfg = Release|Any CPU
		{C4A8D5EF-C1C9-4A92-AA67-F0D9DB4FF746}.Release|Any CPU.Build.0 = Release|Any CPU
		{5E7F1FDC-94D3-46C3-A69D-0B8ADF853036}.Debug|Any CPU.ActiveCfg = Debug|Any CPU
		{5E7F1FDC-94D3-46C3-A69D-0B8ADF853036}.Debug|Any CPU.Build.0 = Debug|Any CPU
		{5E7F1FDC-94D3-46C3-A69D-0B8ADF853036}.Release|Any CPU.ActiveCfg = Release|Any CPU
		{5E7F1FDC-94D3-46C3-A69D-0B8ADF853036}.Release|Any CPU.Build.0 = Release|Any CPU
		{76DE4584-7519-4F97-91F4-552BA9997DBE}.Debug|Any CPU.ActiveCfg = Debug|Any CPU
		{76DE4584-7519-4F97-91F4-552BA9997DBE}.Debug|Any CPU.Build.0 = Debug|Any CPU
		{76DE4584-7519-4F97-91F4-552BA9997DBE}.Release|Any CPU.ActiveCfg = Release|Any CPU
		{76DE4584-7519-4F97-91F4-552BA9997DBE}.Release|Any CPU.Build.0 = Release|Any CPU
		{585D9BC2-8ED9-413E-8AFA-D8E8EACF8798}.Debug|Any CPU.ActiveCfg = Debug|Any CPU
		{585D9BC2-8ED9-413E-8AFA-D8E8EACF8798}.Debug|Any CPU.Build.0 = Debug|Any CPU
		{585D9BC2-8ED9-413E-8AFA-D8E8EACF8798}.Release|Any CPU.ActiveCfg = Release|Any CPU
		{585D9BC2-8ED9-413E-8AFA-D8E8EACF8798}.Release|Any CPU.Build.0 = Release|Any CPU
		{D3E992BA-A5EC-4745-91D8-561EF20FE16F}.Debug|Any CPU.ActiveCfg = Debug|Any CPU
		{D3E992BA-A5EC-4745-91D8-561EF20FE16F}.Debug|Any CPU.Build.0 = Debug|Any CPU
		{D3E992BA-A5EC-4745-91D8-561EF20FE16F}.Release|Any CPU.ActiveCfg = Release|Any CPU
		{D3E992BA-A5EC-4745-91D8-561EF20FE16F}.Release|Any CPU.Build.0 = Release|Any CPU
		{4BEB3F0B-366D-4D43-97D3-9E753CD51B88}.Debug|Any CPU.ActiveCfg = Debug|Any CPU
		{4BEB3F0B-366D-4D43-97D3-9E753CD51B88}.Debug|Any CPU.Build.0 = Debug|Any CPU
		{4BEB3F0B-366D-4D43-97D3-9E753CD51B88}.Release|Any CPU.ActiveCfg = Release|Any CPU
		{4BEB3F0B-366D-4D43-97D3-9E753CD51B88}.Release|Any CPU.Build.0 = Release|Any CPU
		{1D69D2E2-F9E4-4985-8CF1-A9C2ADD206C5}.Debug|Any CPU.ActiveCfg = Debug|Any CPU
		{1D69D2E2-F9E4-4985-8CF1-A9C2ADD206C5}.Debug|Any CPU.Build.0 = Debug|Any CPU
		{1D69D2E2-F9E4-4985-8CF1-A9C2ADD206C5}.Release|Any CPU.ActiveCfg = Release|Any CPU
		{1D69D2E2-F9E4-4985-8CF1-A9C2ADD206C5}.Release|Any CPU.Build.0 = Release|Any CPU
		{E1BE136A-A6BA-4A6B-B267-D23865A6384E}.Debug|Any CPU.ActiveCfg = Debug|Any CPU
		{E1BE136A-A6BA-4A6B-B267-D23865A6384E}.Debug|Any CPU.Build.0 = Debug|Any CPU
		{E1BE136A-A6BA-4A6B-B267-D23865A6384E}.Release|Any CPU.ActiveCfg = Release|Any CPU
		{E1BE136A-A6BA-4A6B-B267-D23865A6384E}.Release|Any CPU.Build.0 = Release|Any CPU
		{5AE5DF15-12F7-43E7-995F-B70C501E257E}.Debug|Any CPU.ActiveCfg = Debug|Any CPU
		{5AE5DF15-12F7-43E7-995F-B70C501E257E}.Debug|Any CPU.Build.0 = Debug|Any CPU
		{5AE5DF15-12F7-43E7-995F-B70C501E257E}.Release|Any CPU.ActiveCfg = Release|Any CPU
		{5AE5DF15-12F7-43E7-995F-B70C501E257E}.Release|Any CPU.Build.0 = Release|Any CPU
		{BD99160C-43F6-46C0-879E-7543CDC6311A}.Debug|Any CPU.ActiveCfg = Debug|Any CPU
		{BD99160C-43F6-46C0-879E-7543CDC6311A}.Debug|Any CPU.Build.0 = Debug|Any CPU
		{BD99160C-43F6-46C0-879E-7543CDC6311A}.Release|Any CPU.ActiveCfg = Release|Any CPU
		{BD99160C-43F6-46C0-879E-7543CDC6311A}.Release|Any CPU.Build.0 = Release|Any CPU
		{25E998B3-2BA7-499B-BE3E-EF35FAF82EF2}.Debug|Any CPU.ActiveCfg = Debug|Any CPU
		{25E998B3-2BA7-499B-BE3E-EF35FAF82EF2}.Debug|Any CPU.Build.0 = Debug|Any CPU
		{25E998B3-2BA7-499B-BE3E-EF35FAF82EF2}.Release|Any CPU.ActiveCfg = Release|Any CPU
		{25E998B3-2BA7-499B-BE3E-EF35FAF82EF2}.Release|Any CPU.Build.0 = Release|Any CPU
		{390F76DE-87A5-4F1C-A8C0-1478AB326EB1}.Debug|Any CPU.ActiveCfg = Debug|Any CPU
		{390F76DE-87A5-4F1C-A8C0-1478AB326EB1}.Debug|Any CPU.Build.0 = Debug|Any CPU
		{390F76DE-87A5-4F1C-A8C0-1478AB326EB1}.Release|Any CPU.ActiveCfg = Release|Any CPU
		{390F76DE-87A5-4F1C-A8C0-1478AB326EB1}.Release|Any CPU.Build.0 = Release|Any CPU
		{A8048098-EA30-41CE-847A-01893E1DE7D8}.Debug|Any CPU.ActiveCfg = Debug|Any CPU
		{A8048098-EA30-41CE-847A-01893E1DE7D8}.Debug|Any CPU.Build.0 = Debug|Any CPU
		{A8048098-EA30-41CE-847A-01893E1DE7D8}.Release|Any CPU.ActiveCfg = Release|Any CPU
		{A8048098-EA30-41CE-847A-01893E1DE7D8}.Release|Any CPU.Build.0 = Release|Any CPU
		{7C61A5FC-9A02-4334-8D61-B3DCC0EAFB44}.Debug|Any CPU.ActiveCfg = Debug|Any CPU
		{7C61A5FC-9A02-4334-8D61-B3DCC0EAFB44}.Debug|Any CPU.Build.0 = Debug|Any CPU
		{7C61A5FC-9A02-4334-8D61-B3DCC0EAFB44}.Release|Any CPU.ActiveCfg = Release|Any CPU
		{7C61A5FC-9A02-4334-8D61-B3DCC0EAFB44}.Release|Any CPU.Build.0 = Release|Any CPU
		{13EA6019-5D08-47F8-976E-2898707B8D3F}.Debug|Any CPU.ActiveCfg = Debug|Any CPU
		{13EA6019-5D08-47F8-976E-2898707B8D3F}.Debug|Any CPU.Build.0 = Debug|Any CPU
		{13EA6019-5D08-47F8-976E-2898707B8D3F}.Release|Any CPU.ActiveCfg = Release|Any CPU
		{13EA6019-5D08-47F8-976E-2898707B8D3F}.Release|Any CPU.Build.0 = Release|Any CPU
		{31E1ABE2-AEA2-41A9-A949-BF1C9CEBB04E}.Debug|Any CPU.ActiveCfg = Debug|Any CPU
		{31E1ABE2-AEA2-41A9-A949-BF1C9CEBB04E}.Debug|Any CPU.Build.0 = Debug|Any CPU
		{31E1ABE2-AEA2-41A9-A949-BF1C9CEBB04E}.Release|Any CPU.ActiveCfg = Release|Any CPU
		{31E1ABE2-AEA2-41A9-A949-BF1C9CEBB04E}.Release|Any CPU.Build.0 = Release|Any CPU
		{F7FCD492-4A7B-43DF-9ACE-C31E6E4D3C2A}.Debug|Any CPU.ActiveCfg = Debug|Any CPU
		{F7FCD492-4A7B-43DF-9ACE-C31E6E4D3C2A}.Debug|Any CPU.Build.0 = Debug|Any CPU
		{F7FCD492-4A7B-43DF-9ACE-C31E6E4D3C2A}.Release|Any CPU.ActiveCfg = Release|Any CPU
		{F7FCD492-4A7B-43DF-9ACE-C31E6E4D3C2A}.Release|Any CPU.Build.0 = Release|Any CPU
		{635760A1-13DF-435B-B093-89A7A39D332F}.Debug|Any CPU.ActiveCfg = Debug|Any CPU
		{635760A1-13DF-435B-B093-89A7A39D332F}.Debug|Any CPU.Build.0 = Debug|Any CPU
		{635760A1-13DF-435B-B093-89A7A39D332F}.Release|Any CPU.ActiveCfg = Release|Any CPU
		{635760A1-13DF-435B-B093-89A7A39D332F}.Release|Any CPU.Build.0 = Release|Any CPU
		{44D06D1C-05EB-463B-80D9-EE7E7B9B7CCC}.Debug|Any CPU.ActiveCfg = Debug|Any CPU
		{44D06D1C-05EB-463B-80D9-EE7E7B9B7CCC}.Debug|Any CPU.Build.0 = Debug|Any CPU
		{44D06D1C-05EB-463B-80D9-EE7E7B9B7CCC}.Release|Any CPU.ActiveCfg = Release|Any CPU
		{44D06D1C-05EB-463B-80D9-EE7E7B9B7CCC}.Release|Any CPU.Build.0 = Release|Any CPU
		{A4499595-B763-4725-86A5-2E22762CD152}.Debug|Any CPU.ActiveCfg = Debug|Any CPU
		{A4499595-B763-4725-86A5-2E22762CD152}.Debug|Any CPU.Build.0 = Debug|Any CPU
		{A4499595-B763-4725-86A5-2E22762CD152}.Release|Any CPU.ActiveCfg = Release|Any CPU
		{A4499595-B763-4725-86A5-2E22762CD152}.Release|Any CPU.Build.0 = Release|Any CPU
		{D070A05F-6932-4994-B825-0FCAB5ADE2BA}.Debug|Any CPU.ActiveCfg = Debug|Any CPU
		{D070A05F-6932-4994-B825-0FCAB5ADE2BA}.Debug|Any CPU.Build.0 = Debug|Any CPU
		{D070A05F-6932-4994-B825-0FCAB5ADE2BA}.Release|Any CPU.ActiveCfg = Release|Any CPU
		{D070A05F-6932-4994-B825-0FCAB5ADE2BA}.Release|Any CPU.Build.0 = Release|Any CPU
		{BE5DB805-82B3-4AF2-979A-3571861908D0}.Debug|Any CPU.ActiveCfg = Debug|Any CPU
		{BE5DB805-82B3-4AF2-979A-3571861908D0}.Debug|Any CPU.Build.0 = Debug|Any CPU
		{BE5DB805-82B3-4AF2-979A-3571861908D0}.Release|Any CPU.ActiveCfg = Release|Any CPU
		{BE5DB805-82B3-4AF2-979A-3571861908D0}.Release|Any CPU.Build.0 = Release|Any CPU
		{1A1CE027-3C91-41C4-AF78-D2FA0AD1C884}.Debug|Any CPU.ActiveCfg = Debug|Any CPU
		{1A1CE027-3C91-41C4-AF78-D2FA0AD1C884}.Debug|Any CPU.Build.0 = Debug|Any CPU
		{1A1CE027-3C91-41C4-AF78-D2FA0AD1C884}.Release|Any CPU.ActiveCfg = Release|Any CPU
		{1A1CE027-3C91-41C4-AF78-D2FA0AD1C884}.Release|Any CPU.Build.0 = Release|Any CPU
	EndGlobalSection
	GlobalSection(SolutionProperties) = preSolution
		HideSolutionNode = FALSE
	EndGlobalSection
	GlobalSection(ExtensibilityGlobals) = postSolution
		SolutionGuid = {CFB3EFA2-11F0-43A7-9EFD-42183F0FD45F}
	EndGlobalSection
EndGlobal
