
Microsoft Visual Studio Solution File, Format Version 12.00
# Visual Studio Version 17
VisualStudioVersion = 17.2.32519.379
MinimumVisualStudioVersion = 10.0.40219.1
Project("{FAE04EC0-301F-11D3-BF4B-00C04F79EFBC}") = "Cookbook", "Cookbook\Cookbook.csproj", "{0B99F105-EDD8-435E-A730-F99BB9ABB1D6}"
EndProject
Global
	GlobalSection(SolutionConfigurationPlatforms) = preSolution
		Debug|Any CPU = Debug|Any CPU
		Release|Any CPU = Release|Any CPU
	EndGlobalSection
	GlobalSection(ProjectConfigurationPlatforms) = postSolution
		{0B99F105-EDD8-435E-A730-F99BB9ABB1D6}.Debug|Any CPU.ActiveCfg = Debug|Any CPU
		{0B99F105-EDD8-435E-A730-F99BB9ABB1D6}.Debug|Any CPU.Build.0 = Debug|Any CPU
		{0B99F105-EDD8-435E-A730-F99BB9ABB1D6}.Release|Any CPU.ActiveCfg = Release|Any CPU
		{0B99F105-EDD8-435E-A730-F99BB9ABB1D6}.Release|Any CPU.Build.0 = Release|Any CPU
	EndGlobalSection
	GlobalSection(SolutionProperties) = preSolution
		HideSolutionNode = FALSE
	EndGlobalSection
	GlobalSection(ExtensibilityGlobals) = postSolution
		SolutionGuid = {096702F2-D568-40D1-B7FE-1EFA25A2ACCB}
	EndGlobalSection
EndGlobal
