
Microsoft Visual Studio Solution File, Format Version 12.00
# Visual Studio Version 17
VisualStudioVersion = 17.3.32804.467
MinimumVisualStudioVersion = 10.0.40219.1
Project("{9A19103F-16F7-4668-BE54-9A1E7A4F7556}") = "UltimateSource", "UltimateSource\UltimateSource.csproj", "{E44F73CF-F563-4E48-ACA8-59E0B323823B}"
EndProject
Project("{9A19103F-16F7-4668-BE54-9A1E7A4F7556}") = "Dental", "Dental\Dental.csproj", "{0869E1AC-BFE3-42DA-B26C-81A7D3427557}"
EndProject
Project("{9A19103F-16F7-4668-BE54-9A1E7A4F7556}") = "Cookbook", "Cookbook\Cookbook.csproj", "{B6312E77-52D2-48DF-A07E-0D71B80A1C59}"
EndProject
Project("{9A19103F-16F7-4668-BE54-9A1E7A4F7556}") = "InventoryManagementSystem", "InventoryManagementSystem\InventoryManagementSystem.csproj", "{E5F2E61E-AFB0-4ED9-B6DF-3116833B4C0B}"
EndProject
Project("{9A19103F-16F7-4668-BE54-9A1E7A4F7556}") = "Chess", "Chess\Chess.csproj", "{1E32603E-A078-4BFF-9E75-B90E2D1BC909}"
EndProject
Project("{9A19103F-16F7-4668-BE54-9A1E7A4F7556}") = "Game", "Game\Game.csproj", "{9D0CB95A-3A34-4957-8A94-9B0C8A064681}"
EndProject
Project("{FAE04EC0-301F-11D3-BF4B-00C04F79EFBC}") = "SoftwareCompanyScheduling", "SoftwareCompanyScheduling\SoftwareCompanyScheduling.csproj", "{DE97EEB2-A10C-48E3-BAB5-F6C1FD092D80}"
EndProject
Global
	GlobalSection(SolutionConfigurationPlatforms) = preSolution
		Debug|Any CPU = Debug|Any CPU
		Release|Any CPU = Release|Any CPU
	EndGlobalSection
	GlobalSection(ProjectConfigurationPlatforms) = postSolution
		{E44F73CF-F563-4E48-ACA8-59E0B323823B}.Debug|Any CPU.ActiveCfg = Debug|Any CPU
		{E44F73CF-F563-4E48-ACA8-59E0B323823B}.Debug|Any CPU.Build.0 = Debug|Any CPU
		{E44F73CF-F563-4E48-ACA8-59E0B323823B}.Release|Any CPU.ActiveCfg = Release|Any CPU
		{E44F73CF-F563-4E48-ACA8-59E0B323823B}.Release|Any CPU.Build.0 = Release|Any CPU
		{0869E1AC-BFE3-42DA-B26C-81A7D3427557}.Debug|Any CPU.ActiveCfg = Debug|Any CPU
		{0869E1AC-BFE3-42DA-B26C-81A7D3427557}.Debug|Any CPU.Build.0 = Debug|Any CPU
		{0869E1AC-BFE3-42DA-B26C-81A7D3427557}.Release|Any CPU.ActiveCfg = Release|Any CPU
		{0869E1AC-BFE3-42DA-B26C-81A7D3427557}.Release|Any CPU.Build.0 = Release|Any CPU
		{B6312E77-52D2-48DF-A07E-0D71B80A1C59}.Debug|Any CPU.ActiveCfg = Debug|Any CPU
		{B6312E77-52D2-48DF-A07E-0D71B80A1C59}.Debug|Any CPU.Build.0 = Debug|Any CPU
		{B6312E77-52D2-48DF-A07E-0D71B80A1C59}.Release|Any CPU.ActiveCfg = Release|Any CPU
		{B6312E77-52D2-48DF-A07E-0D71B80A1C59}.Release|Any CPU.Build.0 = Release|Any CPU
		{E5F2E61E-AFB0-4ED9-B6DF-3116833B4C0B}.Debug|Any CPU.ActiveCfg = Debug|Any CPU
		{E5F2E61E-AFB0-4ED9-B6DF-3116833B4C0B}.Debug|Any CPU.Build.0 = Debug|Any CPU
		{E5F2E61E-AFB0-4ED9-B6DF-3116833B4C0B}.Release|Any CPU.ActiveCfg = Release|Any CPU
		{E5F2E61E-AFB0-4ED9-B6DF-3116833B4C0B}.Release|Any CPU.Build.0 = Release|Any CPU
		{1E32603E-A078-4BFF-9E75-B90E2D1BC909}.Debug|Any CPU.ActiveCfg = Debug|Any CPU
		{1E32603E-A078-4BFF-9E75-B90E2D1BC909}.Debug|Any CPU.Build.0 = Debug|Any CPU
		{1E32603E-A078-4BFF-9E75-B90E2D1BC909}.Release|Any CPU.ActiveCfg = Release|Any CPU
		{1E32603E-A078-4BFF-9E75-B90E2D1BC909}.Release|Any CPU.Build.0 = Release|Any CPU
		{9D0CB95A-3A34-4957-8A94-9B0C8A064681}.Debug|Any CPU.ActiveCfg = Debug|Any CPU
		{9D0CB95A-3A34-4957-8A94-9B0C8A064681}.Debug|Any CPU.Build.0 = Debug|Any CPU
		{9D0CB95A-3A34-4957-8A94-9B0C8A064681}.Release|Any CPU.ActiveCfg = Release|Any CPU
		{9D0CB95A-3A34-4957-8A94-9B0C8A064681}.Release|Any CPU.Build.0 = Release|Any CPU
		{DE97EEB2-A10C-48E3-BAB5-F6C1FD092D80}.Debug|Any CPU.ActiveCfg = Debug|Any CPU
		{DE97EEB2-A10C-48E3-BAB5-F6C1FD092D80}.Debug|Any CPU.Build.0 = Debug|Any CPU
		{DE97EEB2-A10C-48E3-BAB5-F6C1FD092D80}.Release|Any CPU.ActiveCfg = Release|Any CPU
		{DE97EEB2-A10C-48E3-BAB5-F6C1FD092D80}.Release|Any CPU.Build.0 = Release|Any CPU
	EndGlobalSection
	GlobalSection(SolutionProperties) = preSolution
		HideSolutionNode = FALSE
	EndGlobalSection
	GlobalSection(ExtensibilityGlobals) = postSolution
		SolutionGuid = {D00CD1A9-EE5A-4C67-A25E-9A180D711BC5}
	EndGlobalSection
EndGlobal
