
Microsoft Visual Studio Solution File, Format Version 12.00
# Visual Studio Version 17
VisualStudioVersion = 17.3.32804.467
MinimumVisualStudioVersion = 10.0.40219.1
Project("{9A19103F-16F7-4668-BE54-9A1E7A4F7556}") = "_001_Print", "_001_Print\_001_Print.csproj", "{50937B4A-9721-4110-9BB1-F6082D3A6914}"
EndProject
Project("{9A19103F-16F7-4668-BE54-9A1E7A4F7556}") = "_052_AnonymousMethods", "_052_AnonymousMethods\_052_AnonymousMethods.csproj", "{54F38C0F-AADD-4FAD-BB6C-6AB23A0332EA}"
EndProject
Project("{9A19103F-16F7-4668-BE54-9A1E7A4F7556}") = "_051_DatabaseFirstEFCore", "_051_DatabaseFirstEFCore\_051_DatabaseFirstEFCore.csproj", "{1549E1FD-E5D7-4398-909F-96F0028ED695}"
EndProject
Project("{9A19103F-16F7-4668-BE54-9A1E7A4F7556}") = "_015_Methods_Static", "_015_Methods_Static\_015_Methods_Static.csproj", "{23B29EB9-6CCD-4B3D-B6D7-20FAB14E495F}"
EndProject
Project("{9A19103F-16F7-4668-BE54-9A1E7A4F7556}") = "Dice", "Dice\Dice.csproj", "{68CD1A2C-3715-47F2-8AD3-9078B0FADFDD}"
EndProject
Project("{FAE04EC0-301F-11D3-BF4B-00C04F79EFBC}") = "TicTacToe", "TicTacToe\TicTacToe.csproj", "{B43F6652-5B83-4AF9-A139-875AC312EA31}"
EndProject
Global
	GlobalSection(SolutionConfigurationPlatforms) = preSolution
		Debug|Any CPU = Debug|Any CPU
		Release|Any CPU = Release|Any CPU
	EndGlobalSection
	GlobalSection(ProjectConfigurationPlatforms) = postSolution
		{50937B4A-9721-4110-9BB1-F6082D3A6914}.Debug|Any CPU.ActiveCfg = Debug|Any CPU
		{50937B4A-9721-4110-9BB1-F6082D3A6914}.Debug|Any CPU.Build.0 = Debug|Any CPU
		{50937B4A-9721-4110-9BB1-F6082D3A6914}.Release|Any CPU.ActiveCfg = Release|Any CPU
		{50937B4A-9721-4110-9BB1-F6082D3A6914}.Release|Any CPU.Build.0 = Release|Any CPU
		{54F38C0F-AADD-4FAD-BB6C-6AB23A0332EA}.Debug|Any CPU.ActiveCfg = Debug|Any CPU
		{54F38C0F-AADD-4FAD-BB6C-6AB23A0332EA}.Debug|Any CPU.Build.0 = Debug|Any CPU
		{54F38C0F-AADD-4FAD-BB6C-6AB23A0332EA}.Release|Any CPU.ActiveCfg = Release|Any CPU
		{54F38C0F-AADD-4FAD-BB6C-6AB23A0332EA}.Release|Any CPU.Build.0 = Release|Any CPU
		{1549E1FD-E5D7-4398-909F-96F0028ED695}.Debug|Any CPU.ActiveCfg = Debug|Any CPU
		{1549E1FD-E5D7-4398-909F-96F0028ED695}.Debug|Any CPU.Build.0 = Debug|Any CPU
		{1549E1FD-E5D7-4398-909F-96F0028ED695}.Release|Any CPU.ActiveCfg = Release|Any CPU
		{1549E1FD-E5D7-4398-909F-96F0028ED695}.Release|Any CPU.Build.0 = Release|Any CPU
		{23B29EB9-6CCD-4B3D-B6D7-20FAB14E495F}.Debug|Any CPU.ActiveCfg = Debug|Any CPU
		{23B29EB9-6CCD-4B3D-B6D7-20FAB14E495F}.Debug|Any CPU.Build.0 = Debug|Any CPU
		{23B29EB9-6CCD-4B3D-B6D7-20FAB14E495F}.Release|Any CPU.ActiveCfg = Release|Any CPU
		{23B29EB9-6CCD-4B3D-B6D7-20FAB14E495F}.Release|Any CPU.Build.0 = Release|Any CPU
		{68CD1A2C-3715-47F2-8AD3-9078B0FADFDD}.Debug|Any CPU.ActiveCfg = Debug|Any CPU
		{68CD1A2C-3715-47F2-8AD3-9078B0FADFDD}.Debug|Any CPU.Build.0 = Debug|Any CPU
		{68CD1A2C-3715-47F2-8AD3-9078B0FADFDD}.Release|Any CPU.ActiveCfg = Release|Any CPU
		{68CD1A2C-3715-47F2-8AD3-9078B0FADFDD}.Release|Any CPU.Build.0 = Release|Any CPU
		{B43F6652-5B83-4AF9-A139-875AC312EA31}.Debug|Any CPU.ActiveCfg = Debug|Any CPU
		{B43F6652-5B83-4AF9-A139-875AC312EA31}.Debug|Any CPU.Build.0 = Debug|Any CPU
		{B43F6652-5B83-4AF9-A139-875AC312EA31}.Release|Any CPU.ActiveCfg = Release|Any CPU
		{B43F6652-5B83-4AF9-A139-875AC312EA31}.Release|Any CPU.Build.0 = Release|Any CPU
	EndGlobalSection
	GlobalSection(SolutionProperties) = preSolution
		HideSolutionNode = FALSE
	EndGlobalSection
	GlobalSection(ExtensibilityGlobals) = postSolution
		SolutionGuid = {F1A1B20C-8D32-4938-91B0-E53C2525E619}
	EndGlobalSection
EndGlobal
