
Microsoft Visual Studio Solution File, Format Version 12.00
# Visual Studio Version 17
VisualStudioVersion = 17.2.32630.192
MinimumVisualStudioVersion = 10.0.40219.1
Project("{9A19103F-16F7-4668-BE54-9A1E7A4F7556}") = "Practice", "Practice\Practice.csproj", "{F572B098-C671-4131-A243-208D8B8942C4}"
EndProject
Global
	GlobalSection(SolutionConfigurationPlatforms) = preSolution
		Debug|Any CPU = Debug|Any CPU
		Release|Any CPU = Release|Any CPU
	EndGlobalSection
	GlobalSection(ProjectConfigurationPlatforms) = postSolution
		{F572B098-C671-4131-A243-208D8B8942C4}.Debug|Any CPU.ActiveCfg = Debug|Any CPU
		{F572B098-C671-4131-A243-208D8B8942C4}.Debug|Any CPU.Build.0 = Debug|Any CPU
		{F572B098-C671-4131-A243-208D8B8942C4}.Release|Any CPU.ActiveCfg = Release|Any CPU
		{F572B098-C671-4131-A243-208D8B8942C4}.Release|Any CPU.Build.0 = Release|Any CPU
	EndGlobalSection
	GlobalSection(SolutionProperties) = preSolution
		HideSolutionNode = FALSE
	EndGlobalSection
	GlobalSection(ExtensibilityGlobals) = postSolution
		SolutionGuid = {55E32093-E162-4B44-952B-E38130ACAA07}
	EndGlobalSection
EndGlobal
